
Microsoft Visual Studio Solution File, Format Version 12.00
# Visual Studio Version 17
VisualStudioVersion = 17.6.33829.357
MinimumVisualStudioVersion = 10.0.40219.1
Project("{FAE04EC0-301F-11D3-BF4B-00C04F79EFBC}") = "SortingAlgorithms", "SortingAlgorithms\SortingAlgorithms.csproj", "{37EB7F4B-7166-4B02-B039-D9E05759C303}"
EndProject
Global
	GlobalSection(SolutionConfigurationPlatforms) = preSolution
		Debug|Any CPU = Debug|Any CPU
		Release|Any CPU = Release|Any CPU
	EndGlobalSection
	GlobalSection(ProjectConfigurationPlatforms) = postSolution
		{37EB7F4B-7166-4B02-B039-D9E05759C303}.Debug|Any CPU.ActiveCfg = Debug|Any CPU
		{37EB7F4B-7166-4B02-B039-D9E05759C303}.Debug|Any CPU.Build.0 = Debug|Any CPU
		{37EB7F4B-7166-4B02-B039-D9E05759C303}.Release|Any CPU.ActiveCfg = Release|Any CPU
		{37EB7F4B-7166-4B02-B039-D9E05759C303}.Release|Any CPU.Build.0 = Release|Any CPU
	EndGlobalSection
	GlobalSection(SolutionProperties) = preSolution
		HideSolutionNode = FALSE
	EndGlobalSection
	GlobalSection(ExtensibilityGlobals) = postSolution
		SolutionGuid = {5B9C8142-DC19-4098-9856-06346A85BD4E}
	EndGlobalSection
EndGlobal
